
Microsoft Visual Studio Solution File, Format Version 12.00
# Visual Studio Version 17
VisualStudioVersion = 17.1.32328.378
MinimumVisualStudioVersion = 10.0.40219.1
Project("{6EC3EE1D-3C4E-46DD-8F32-0CC8E7565705}") = "calc", "calc.fsproj", "{BBA23462-E959-4FED-A078-1412F9C37075}"
EndProject
Global
	GlobalSection(SolutionConfigurationPlatforms) = preSolution
		Debug|Any CPU = Debug|Any CPU
		Release|Any CPU = Release|Any CPU
	EndGlobalSection
	GlobalSection(ProjectConfigurationPlatforms) = postSolution
		{BBA23462-E959-4FED-A078-1412F9C37075}.Debug|Any CPU.ActiveCfg = Debug|Any CPU
		{BBA23462-E959-4FED-A078-1412F9C37075}.Debug|Any CPU.Build.0 = Debug|Any CPU
		{BBA23462-E959-4FED-A078-1412F9C37075}.Release|Any CPU.ActiveCfg = Release|Any CPU
		{BBA23462-E959-4FED-A078-1412F9C37075}.Release|Any CPU.Build.0 = Release|Any CPU
	EndGlobalSection
	GlobalSection(SolutionProperties) = preSolution
		HideSolutionNode = FALSE
	EndGlobalSection
	GlobalSection(ExtensibilityGlobals) = postSolution
		SolutionGuid = {BB8C6835-8B61-4E02-82A6-93C4657D67D4}
	EndGlobalSection
EndGlobal
